
Microsoft Visual Studio Solution File, Format Version 12.00
# Visual Studio Version 17
VisualStudioVersion = 17.4.33122.133
MinimumVisualStudioVersion = 10.0.40219.1
Project("{FAE04EC0-301F-11D3-BF4B-00C04F79EFBC}") = "Winforms_MongoDB", "Winforms_MongoDB.csproj", "{13DA159F-7AEC-4AE8-BA82-CBC2CDA98313}"
EndProject
Global
	GlobalSection(SolutionConfigurationPlatforms) = preSolution
		Debug|Any CPU = Debug|Any CPU
		Release|Any CPU = Release|Any CPU
	EndGlobalSection
	GlobalSection(ProjectConfigurationPlatforms) = postSolution
		{13DA159F-7AEC-4AE8-BA82-CBC2CDA98313}.Debug|Any CPU.ActiveCfg = Debug|Any CPU
		{13DA159F-7AEC-4AE8-BA82-CBC2CDA98313}.Debug|Any CPU.Build.0 = Debug|Any CPU
		{13DA159F-7AEC-4AE8-BA82-CBC2CDA98313}.Release|Any CPU.ActiveCfg = Release|Any CPU
		{13DA159F-7AEC-4AE8-BA82-CBC2CDA98313}.Release|Any CPU.Build.0 = Release|Any CPU
	EndGlobalSection
	GlobalSection(SolutionProperties) = preSolution
		HideSolutionNode = FALSE
	EndGlobalSection
	GlobalSection(ExtensibilityGlobals) = postSolution
		SolutionGuid = {71BF2C89-DC23-41CC-908C-48329E69D3EF}
	EndGlobalSection
EndGlobal
